
Microsoft Visual Studio Solution File, Format Version 12.00
# Visual Studio Version 16
VisualStudioVersion = 16.0.31727.386
MinimumVisualStudioVersion = 10.0.40219.1
Project("{FAE04EC0-301F-11D3-BF4B-00C04F79EFBC}") = "homework4", "homework4\homework4.csproj", "{ABC7B2C8-9741-4D1F-AC6E-D530D6980FCC}"
EndProject
Global
	GlobalSection(SolutionConfigurationPlatforms) = preSolution
		Debug|Any CPU = Debug|Any CPU
		Release|Any CPU = Release|Any CPU
	EndGlobalSection
	GlobalSection(ProjectConfigurationPlatforms) = postSolution
		{ABC7B2C8-9741-4D1F-AC6E-D530D6980FCC}.Debug|Any CPU.ActiveCfg = Debug|Any CPU
		{ABC7B2C8-9741-4D1F-AC6E-D530D6980FCC}.Debug|Any CPU.Build.0 = Debug|Any CPU
		{ABC7B2C8-9741-4D1F-AC6E-D530D6980FCC}.Release|Any CPU.ActiveCfg = Release|Any CPU
		{ABC7B2C8-9741-4D1F-AC6E-D530D6980FCC}.Release|Any CPU.Build.0 = Release|Any CPU
	EndGlobalSection
	GlobalSection(SolutionProperties) = preSolution
		HideSolutionNode = FALSE
	EndGlobalSection
	GlobalSection(ExtensibilityGlobals) = postSolution
		SolutionGuid = {E0463A9C-096B-43E1-9436-AE9E2B00FEF7}
	EndGlobalSection
EndGlobal
